{
  "name": "basic-nodejs-devops",
  "version": "1.0.0",
  "lockfileVersion": 3,
  "requires": true,
  "packages": {
    "": {
      "name": "basic-nodejs-devops",
      "version": "1.0.0",
      "license": "ISC",
      "dependencies": {
        "expr": "^0.0.0"
      }
    },
    "node_modules/acorn": {
      "version": "0.1.0",
      "resolved": "https://registry.npmjs.org/acorn/-/acorn-0.1.0.tgz",
      "integrity": "sha512-+CoUKvPJxQAQtOIMB9toxYZm5lvavNJHqvSK06JNTkR5giFcm9zyehia5spkQpXGQR1zLlArnmHcolLFy5FkOQ==",
      "engines": {
        "node": ">=0.4.0"
      }
    },
    "node_modules/expr": {
      "version": "0.0.0",
      "resolved": "https://registry.npmjs.org/expr/-/expr-0.0.0.tgz",
      "integrity": "sha512-SEp1KcxzidxU81f9w91IYwiK6aBA8CXEtxxaRHAWO0Acu07vFN5SB0z9aY1ptPzvCUDOgjW33RU5yCS7EM5Arw==",
      "dependencies": {
        "acorn": "~0.1.0"
      }
    }
  }
}
